{
  "version": 4,
  "terraform_version": "1.1.7",
  "serial": 669,
  "lineage": "fd72668b-89c4-c7db-fa40-1db86542c873",
  "outputs": {
    "external_ip_address": {
      "value": "34.78.66.100",
      "type": "string"
    }
  },
  "resources": [
    {
      "mode": "managed",
      "type": "google_compute_firewall",
      "name": "app_instance_firewall",
      "provider": "provider[\"registry.terraform.io/hashicorp/google\"]",
      "instances": [
        {
          "schema_version": 1,
          "attributes": {
            "allow": [
              {
                "ports": [
                  "3001"
                ],
                "protocol": "tcp"
              },
              {
                "ports": [
                  "3002"
                ],
                "protocol": "tcp"
              },
              {
                "ports": [
                  "3003"
                ],
                "protocol": "tcp"
              }
            ],
            "creation_timestamp": "2024-03-04T02:29:51.217-08:00",
            "deny": [],
            "description": "",
            "destination_ranges": [],
            "direction": "INGRESS",
            "disabled": false,
            "enable_logging": null,
            "id": "projects/angular-vuejs-23131/global/firewalls/app-firewall",
            "log_config": [],
            "name": "app-firewall",
            "network": "https://www.googleapis.com/compute/v1/projects/angular-vuejs-23131/global/networks/default",
            "priority": 1000,
            "project": "angular-vuejs-23131",
            "self_link": "https://www.googleapis.com/compute/v1/projects/angular-vuejs-23131/global/firewalls/app-firewall",
            "source_ranges": [
              "0.0.0.0/0"
            ],
            "source_service_accounts": null,
            "source_tags": null,
            "target_service_accounts": null,
            "target_tags": null,
            "timeouts": null
          },
          "sensitive_attributes": [],
          "private": "eyJlMmJmYjczMC1lY2FhLTExZTYtOGY4OC0zNDM2M2JjN2M0YzAiOnsiY3JlYXRlIjoxMjAwMDAwMDAwMDAwLCJkZWxldGUiOjEyMDAwMDAwMDAwMDAsInVwZGF0ZSI6MTIwMDAwMDAwMDAwMH0sInNjaGVtYV92ZXJzaW9uIjoiMSJ9"
        }
      ]
    },
    {
      "mode": "managed",
      "type": "google_compute_instance",
      "name": "app_instance",
      "provider": "provider[\"registry.terraform.io/hashicorp/google\"]",
      "instances": [
        {
          "index_key": 0,
          "schema_version": 6,
          "attributes": {
            "advanced_machine_features": [],
            "allow_stopping_for_update": null,
            "attached_disk": [],
            "boot_disk": [
              {
                "auto_delete": true,
                "device_name": "persistent-disk-0",
                "disk_encryption_key_raw": "",
                "disk_encryption_key_sha256": "",
                "initialize_params": [
                  {
                    "enable_confidential_compute": false,
                    "image": "https://www.googleapis.com/compute/v1/projects/ubuntu-os-cloud/global/images/ubuntu-2004-focal-v20240229",
                    "labels": {},
                    "provisioned_iops": 0,
                    "provisioned_throughput": 0,
                    "resource_manager_tags": null,
                    "size": 10,
                    "type": "pd-standard"
                  }
                ],
                "kms_key_self_link": "",
                "mode": "READ_WRITE",
                "source": "https://www.googleapis.com/compute/v1/projects/angular-vuejs-23131/zones/europe-west1-d/disks/app-instance-1"
              }
            ],
            "can_ip_forward": false,
            "confidential_instance_config": [],
            "cpu_platform": "Intel Broadwell",
            "current_status": "RUNNING",
            "deletion_protection": false,
            "description": "",
            "desired_status": null,
            "effective_labels": {},
            "enable_display": false,
            "guest_accelerator": [],
            "hostname": "",
            "id": "projects/angular-vuejs-23131/zones/europe-west1-d/instances/app-instance-1",
            "instance_id": "4105854717958560847",
            "label_fingerprint": "42WmSpB8rSM=",
            "labels": null,
            "machine_type": "e2-medium",
            "metadata": {
              "ssh-keys": "ubuntu:ssh-rsa AAAAB3NzaC1yc2EAAAADAQABAAABAQChIGR81islQajsoY4qhQmvawX8RabIm9CWe05/uaPuq4ak+20YLNdBEwkeA0uCtQ+Jykyxl2mQrzspivMbzSY+BrzdPrqWHsqrgUVjmes4CfjX0wfgZwr47O0zld6UdCz6RsFflQ1/67WTFHnfmBoOtRGKHxmuuWY7hEuhlRNDNqM2HWKD1KJ5XQjxUXuQ/L3FOIT0UvoaAjWM+eA5crZXbicqLrP9OfivvYm4MeGf0ixDNpj//8ZTsj/uP8WIq+q2M9tVdUkAVP8msVS+W45TMUIGeCtHFrr2kCx7KM/ClPpPRaHdQkMkTx0esh88hTHsQFGpQ7C3LAZcw5T1+ZUp\n"
            },
            "metadata_fingerprint": "jlnAqGZLk8Y=",
            "metadata_startup_script": null,
            "min_cpu_platform": "",
            "name": "app-instance-1",
            "network_interface": [
              {
                "access_config": [
                  {
                    "nat_ip": "34.78.66.100",
                    "network_tier": "PREMIUM",
                    "public_ptr_domain_name": ""
                  }
                ],
                "alias_ip_range": [],
                "internal_ipv6_prefix_length": 0,
                "ipv6_access_config": [],
                "ipv6_access_type": "",
                "ipv6_address": "",
                "name": "nic0",
                "network": "https://www.googleapis.com/compute/v1/projects/angular-vuejs-23131/global/networks/default",
                "network_ip": "10.132.15.210",
                "nic_type": "",
                "queue_count": 0,
                "stack_type": "IPV4_ONLY",
                "subnetwork": "https://www.googleapis.com/compute/v1/projects/angular-vuejs-23131/regions/europe-west1/subnetworks/default",
                "subnetwork_project": "angular-vuejs-23131"
              }
            ],
            "network_performance_config": [],
            "params": [],
            "project": "angular-vuejs-23131",
            "reservation_affinity": [],
            "resource_policies": null,
            "scheduling": [
              {
                "automatic_restart": true,
                "instance_termination_action": "",
                "local_ssd_recovery_timeout": [],
                "min_node_cpus": 0,
                "node_affinities": [],
                "on_host_maintenance": "MIGRATE",
                "preemptible": false,
                "provisioning_model": "STANDARD"
              }
            ],
            "scratch_disk": [],
            "self_link": "https://www.googleapis.com/compute/v1/projects/angular-vuejs-23131/zones/europe-west1-d/instances/app-instance-1",
            "service_account": [],
            "shielded_instance_config": [
              {
                "enable_integrity_monitoring": true,
                "enable_secure_boot": false,
                "enable_vtpm": true
              }
            ],
            "tags": null,
            "tags_fingerprint": "42WmSpB8rSM=",
            "terraform_labels": {},
            "timeouts": null,
            "zone": "europe-west1-d"
          },
          "sensitive_attributes": [],
          "private": "eyJlMmJmYjczMC1lY2FhLTExZTYtOGY4OC0zNDM2M2JjN2M0YzAiOnsiY3JlYXRlIjoxMjAwMDAwMDAwMDAwLCJkZWxldGUiOjEyMDAwMDAwMDAwMDAsInVwZGF0ZSI6MTIwMDAwMDAwMDAwMH0sInNjaGVtYV92ZXJzaW9uIjoiNiJ9",
          "dependencies": [
            "tls_private_key.ssh_key"
          ]
        }
      ]
    },
    {
      "mode": "managed",
      "type": "google_dns_record_set",
      "name": "app_dns_record",
      "provider": "provider[\"registry.terraform.io/hashicorp/google\"]",
      "instances": [
        {
          "schema_version": 0,
          "attributes": {
            "id": "projects/angular-vuejs-23131/managedZones/europe-west1-d/rrsets/www.bezdna-vesna.lat./A",
            "managed_zone": "europe-west1-d",
            "name": "www.bezdna-vesna.lat.",
            "project": "angular-vuejs-23131",
            "routing_policy": [],
            "rrdatas": [
              "34.78.66.100"
            ],
            "ttl": 300,
            "type": "A"
          },
          "sensitive_attributes": [],
          "private": "bnVsbA==",
          "dependencies": [
            "google_compute_instance.app_instance",
            "tls_private_key.ssh_key"
          ]
        }
      ]
    },
    {
      "mode": "managed",
      "type": "google_dns_record_set",
      "name": "app_dns_record_root",
      "provider": "provider[\"registry.terraform.io/hashicorp/google\"]",
      "instances": [
        {
          "schema_version": 0,
          "attributes": {
            "id": "projects/angular-vuejs-23131/managedZones/europe-west1-d/rrsets/bezdna-vesna.lat./A",
            "managed_zone": "europe-west1-d",
            "name": "bezdna-vesna.lat.",
            "project": "angular-vuejs-23131",
            "routing_policy": [],
            "rrdatas": [
              "34.78.66.100"
            ],
            "ttl": 300,
            "type": "A"
          },
          "sensitive_attributes": [],
          "private": "bnVsbA==",
          "dependencies": [
            "google_compute_instance.app_instance",
            "tls_private_key.ssh_key"
          ]
        }
      ]
    },
    {
      "mode": "managed",
      "type": "tls_private_key",
      "name": "ssh_key",
      "provider": "provider[\"registry.terraform.io/hashicorp/tls\"]",
      "instances": [
        {
          "index_key": 0,
          "schema_version": 1,
          "attributes": {
            "algorithm": "RSA",
            "ecdsa_curve": "P224",
            "id": "e8f5e17bcbbd65037d702ee2d1d66b83a0484c53",
            "private_key_openssh": "-----BEGIN OPENSSH PRIVATE KEY-----\nb3BlbnNzaC1rZXktdjEAAAAABG5vbmUAAAAEbm9uZQAAAAAAAAABAAABFwAAAAdz\nc2gtcnNhAAAAAwEAAQAAAQEAoSBkfNYrJUGo7KGOKoUJr2sF/EWmyJvQlntOf7mj\n7quGpPttGCzXQRMJHgNLgrUPicpMsZdpkK87KYrzG80mPga83T66lh7Kq4FFY5nr\nOAn419MH4GcK+OztM5XelHQs+kbBX5UNf+u1kxR535gaDrURih8ZrrlmO4RLoZUT\nQzajNh1ig9SieV0I8VF7kPy9xTiE9FL6GgI1jPngOXK2V24nKi6z/Tn4r72JuDHh\nn9IsQzaY///GU7I/7j/FiKvqtjPbVXVJAFT/JrFUvluOUzFCBngrRxa69pAseyjP\nwpT6T0Wh3UJDJE8dHrIfPIUx7EBRqUOwtywGXMOU9fmVKQAAA7icG4aonBuGqAAA\nAAdzc2gtcnNhAAABAQChIGR81islQajsoY4qhQmvawX8RabIm9CWe05/uaPuq4ak\n+20YLNdBEwkeA0uCtQ+Jykyxl2mQrzspivMbzSY+BrzdPrqWHsqrgUVjmes4CfjX\n0wfgZwr47O0zld6UdCz6RsFflQ1/67WTFHnfmBoOtRGKHxmuuWY7hEuhlRNDNqM2\nHWKD1KJ5XQjxUXuQ/L3FOIT0UvoaAjWM+eA5crZXbicqLrP9OfivvYm4MeGf0ixD\nNpj//8ZTsj/uP8WIq+q2M9tVdUkAVP8msVS+W45TMUIGeCtHFrr2kCx7KM/ClPpP\nRaHdQkMkTx0esh88hTHsQFGpQ7C3LAZcw5T1+ZUpAAAAAwEAAQAAAQA3d7BALXZC\n6BygAWmwh4XzBnPUCaJF0yX2d9JpM94UTqYWa5t9xAoCE+yCkX3QLEaCF8tZI5eq\nwDgsr/HK80+j8KvZujt/bHA2pFTf2d/Ytc4ddj9y5+YmFWH+7SvnjSriqbLuFaDF\nFb63OEhQSctGnty/4L71oEtqV7u1j11HOJ8QI1uiqCyZ4EvkEhxaDBwsJRnnv7QT\nFWrCtPLZDHL9G5dxLkW6++oFPxTHfS1lp1UXi8HT1UHvI7wzSIaekYLEpkle5wQU\nghpLrQQZ45LeiHQXeRXwvGszpqcm0ebjhWudkcgUPT2STqiyjd8ydi+5IDBBo2BP\nh463Po1wvTCRAAAAgA37/NrkEEua5oG1G/Cl5nlb6sMPL7NNiO7pc9287H1vOu7Q\nEWEyyW+HZYzqLsj49NxgUsiE7E1uXDdK50ZMy+BVULe/qozvcBo66pi87I0J5DH3\nfYdqK6I3k0A9hj3HpEAdu8v96fO7v7/UYKqpsXS6ocea04vD7n1PSuUeKFD4AAAA\ngQDG/v2lmjy3a3Fqm24H/9Mpysw74OYZkZQFYJIDrGD2NS3Ebpov+we8RIlCD0pr\np7SqSIy1Si7QE0m4SuliUkmv+wsu4M47+ALug+I3veWKPSArGBr32CxOzSbkoTlP\n02+vGo5tL+r+j0CaNxGrtBXmLsbbCp95zSK+NiuUmRL1zQAAAIEAz0hPV1tFHbfd\npEElaCZwQY/cLYQDy1ygGBf8AHnJkl1uUtDBxMBxvsV9w00+UtFszbXkHj4mURpG\nVmFkRwOXzmNSLkk8BqwXB1hkS4aQT0sCHaNV6VPzfU5qX0nz4gwIG5I+nRp79HdT\nLA1k/up39n9w+5jqVvKpVw04Al41wM0AAAAAAQID\n-----END OPENSSH PRIVATE KEY-----\n",
            "private_key_pem": "-----BEGIN RSA PRIVATE KEY-----\nMIIEogIBAAKCAQEAoSBkfNYrJUGo7KGOKoUJr2sF/EWmyJvQlntOf7mj7quGpPtt\nGCzXQRMJHgNLgrUPicpMsZdpkK87KYrzG80mPga83T66lh7Kq4FFY5nrOAn419MH\n4GcK+OztM5XelHQs+kbBX5UNf+u1kxR535gaDrURih8ZrrlmO4RLoZUTQzajNh1i\ng9SieV0I8VF7kPy9xTiE9FL6GgI1jPngOXK2V24nKi6z/Tn4r72JuDHhn9IsQzaY\n///GU7I/7j/FiKvqtjPbVXVJAFT/JrFUvluOUzFCBngrRxa69pAseyjPwpT6T0Wh\n3UJDJE8dHrIfPIUx7EBRqUOwtywGXMOU9fmVKQIDAQABAoIBADd3sEAtdkLoHKAB\nabCHhfMGc9QJokXTJfZ30mkz3hROphZrm33ECgIT7IKRfdAsRoIXy1kjl6rAOCyv\n8crzT6Pwq9m6O39scDakVN/Z39i1zh12P3Ln5iYVYf7tK+eNKuKpsu4VoMUVvrc4\nSFBJy0ae3L/gvvWgS2pXu7WPXUc4nxAjW6KoLJngS+QSHFoMHCwlGee/tBMVasK0\n8tkMcv0bl3EuRbr76gU/FMd9LWWnVReLwdPVQe8jvDNIhp6RgsSmSV7nBBSCGkut\nBBnjkt6IdBd5FfC8azOmpybR5uOFa52RyBQ9PZJOqLKN3zJ2L7kgMEGjYE+Hjrc+\njXC9MJECgYEAxv79pZo8t2txaptuB//TKcrMO+DmGZGUBWCSA6xg9jUtxG6aL/sH\nvESJQg9Ka6e0qkiMtUou0BNJuErpYlJJr/sLLuDOO/gC7oPiN73lij0gKxga99gs\nTs0m5KE5T9NvrxqObS/q/o9AmjcRq7QV5i7G2wqfec0ivjYrlJkS9c0CgYEAz0hP\nV1tFHbfdpEElaCZwQY/cLYQDy1ygGBf8AHnJkl1uUtDBxMBxvsV9w00+UtFszbXk\nHj4mURpGVmFkRwOXzmNSLkk8BqwXB1hkS4aQT0sCHaNV6VPzfU5qX0nz4gwIG5I+\nnRp79HdTLA1k/up39n9w+5jqVvKpVw04Al41wM0CgYBIISc5foWhim1q0fn5Jk6Z\nKGwNDED7ZZw8srtaX4Ip3C7Bs8FpwNkV8dW6vyYfjYNb8b4m/EOpokQna+fafq88\n/YcZL90xOX1+jQlTYR6xk+R0GmG0EoRE7/G4D4Rhneculjan9yV7rdshyvI5xaXm\ncHAd92TE1olQXvw++Zk4xQKBgHmpVXhOh7izrJG18wC4Xvb8Ox0z+Q4ppYW+vhiB\nYwBXemN9R931nk18mR5CfiwZ46Sx99yQWekMZPBaZYMQ5s8qmJe2QFciNroG9Ycm\nyhjgS7OdpNU4gxevKNwZCd5JdZDJO5r2an7IcrbOfdLpR9QUZPonfJPgBeikR5WM\nOjyZAoGADfv82uQQS5rmgbUb8KXmeVvqww8vs02I7ulz3bzsfW867tARYTLJb4dl\njOouyPj03GBSyITsTW5cN0rnRkzL4FVQt7+qjO9wGjrqmLzsjQnkMfd9h2orojeT\nQD2GPcekQB27y/3p87u/v9RgqqmxdLqhx5rTi8PufU9K5R4oUPg=\n-----END RSA PRIVATE KEY-----\n",
            "private_key_pem_pkcs8": "-----BEGIN PRIVATE KEY-----\nMIIEvAIBADANBgkqhkiG9w0BAQEFAASCBKYwggSiAgEAAoIBAQChIGR81islQajs\noY4qhQmvawX8RabIm9CWe05/uaPuq4ak+20YLNdBEwkeA0uCtQ+Jykyxl2mQrzsp\nivMbzSY+BrzdPrqWHsqrgUVjmes4CfjX0wfgZwr47O0zld6UdCz6RsFflQ1/67WT\nFHnfmBoOtRGKHxmuuWY7hEuhlRNDNqM2HWKD1KJ5XQjxUXuQ/L3FOIT0UvoaAjWM\n+eA5crZXbicqLrP9OfivvYm4MeGf0ixDNpj//8ZTsj/uP8WIq+q2M9tVdUkAVP8m\nsVS+W45TMUIGeCtHFrr2kCx7KM/ClPpPRaHdQkMkTx0esh88hTHsQFGpQ7C3LAZc\nw5T1+ZUpAgMBAAECggEAN3ewQC12QugcoAFpsIeF8wZz1AmiRdMl9nfSaTPeFE6m\nFmubfcQKAhPsgpF90CxGghfLWSOXqsA4LK/xyvNPo/Cr2bo7f2xwNqRU39nf2LXO\nHXY/cufmJhVh/u0r540q4qmy7hWgxRW+tzhIUEnLRp7cv+C+9aBLale7tY9dRzif\nECNboqgsmeBL5BIcWgwcLCUZ57+0ExVqwrTy2Qxy/RuXcS5FuvvqBT8Ux30tZadV\nF4vB09VB7yO8M0iGnpGCxKZJXucEFIIaS60EGeOS3oh0F3kV8LxrM6anJtHm44Vr\nnZHIFD09kk6oso3fMnYvuSAwQaNgT4eOtz6NcL0wkQKBgQDG/v2lmjy3a3Fqm24H\n/9Mpysw74OYZkZQFYJIDrGD2NS3Ebpov+we8RIlCD0prp7SqSIy1Si7QE0m4Suli\nUkmv+wsu4M47+ALug+I3veWKPSArGBr32CxOzSbkoTlP02+vGo5tL+r+j0CaNxGr\ntBXmLsbbCp95zSK+NiuUmRL1zQKBgQDPSE9XW0Udt92kQSVoJnBBj9wthAPLXKAY\nF/wAecmSXW5S0MHEwHG+xX3DTT5S0WzNteQePiZRGkZWYWRHA5fOY1IuSTwGrBcH\nWGRLhpBPSwIdo1XpU/N9TmpfSfPiDAgbkj6dGnv0d1MsDWT+6nf2f3D7mOpW8qlX\nDTgCXjXAzQKBgEghJzl+haGKbWrR+fkmTpkobA0MQPtlnDyyu1pfgincLsGzwWnA\n2RXx1bq/Jh+Ng1vxvib8Q6miRCdr59p+rzz9hxkv3TE5fX6NCVNhHrGT5HQaYbQS\nhETv8bgPhGGd5y6WNqf3JXut2yHK8jnFpeZwcB33ZMTWiVBe/D75mTjFAoGAealV\neE6HuLOskbXzALhe9vw7HTP5Dimlhb6+GIFjAFd6Y31H3fWeTXyZHkJ+LBnjpLH3\n3JBZ6Qxk8FplgxDmzyqYl7ZAVyI2ugb1hybKGOBLs52k1TiDF68o3BkJ3kl1kMk7\nmvZqfshyts590ulH1BRk+id8k+AF6KRHlYw6PJkCgYAN+/za5BBLmuaBtRvwpeZ5\nW+rDDy+zTYju6XPdvOx9bzru0BFhMslvh2WM6i7I+PTcYFLIhOxNblw3SudGTMvg\nVVC3v6qM73AaOuqYvOyNCeQx932HaiuiN5NAPYY9x6RAHbvL/enzu7+/1GCqqbF0\nuqHHmtOLw+59T0rlHihQ+A==\n-----END PRIVATE KEY-----\n",
            "public_key_fingerprint_md5": "1c:95:ad:f7:b1:88:fe:83:2f:7f:47:2e:5a:65:68:3e",
            "public_key_fingerprint_sha256": "SHA256:BCbVQ3CA6ens/nLV3A/pMLB0/DfM6lRrZMvIFnWeS+k",
            "public_key_openssh": "ssh-rsa AAAAB3NzaC1yc2EAAAADAQABAAABAQChIGR81islQajsoY4qhQmvawX8RabIm9CWe05/uaPuq4ak+20YLNdBEwkeA0uCtQ+Jykyxl2mQrzspivMbzSY+BrzdPrqWHsqrgUVjmes4CfjX0wfgZwr47O0zld6UdCz6RsFflQ1/67WTFHnfmBoOtRGKHxmuuWY7hEuhlRNDNqM2HWKD1KJ5XQjxUXuQ/L3FOIT0UvoaAjWM+eA5crZXbicqLrP9OfivvYm4MeGf0ixDNpj//8ZTsj/uP8WIq+q2M9tVdUkAVP8msVS+W45TMUIGeCtHFrr2kCx7KM/ClPpPRaHdQkMkTx0esh88hTHsQFGpQ7C3LAZcw5T1+ZUp\n",
            "public_key_pem": "-----BEGIN PUBLIC KEY-----\nMIIBIjANBgkqhkiG9w0BAQEFAAOCAQ8AMIIBCgKCAQEAoSBkfNYrJUGo7KGOKoUJ\nr2sF/EWmyJvQlntOf7mj7quGpPttGCzXQRMJHgNLgrUPicpMsZdpkK87KYrzG80m\nPga83T66lh7Kq4FFY5nrOAn419MH4GcK+OztM5XelHQs+kbBX5UNf+u1kxR535ga\nDrURih8ZrrlmO4RLoZUTQzajNh1ig9SieV0I8VF7kPy9xTiE9FL6GgI1jPngOXK2\nV24nKi6z/Tn4r72JuDHhn9IsQzaY///GU7I/7j/FiKvqtjPbVXVJAFT/JrFUvluO\nUzFCBngrRxa69pAseyjPwpT6T0Wh3UJDJE8dHrIfPIUx7EBRqUOwtywGXMOU9fmV\nKQIDAQAB\n-----END PUBLIC KEY-----\n",
            "rsa_bits": 2048
          },
          "sensitive_attributes": []
        }
      ]
    }
  ]
}
